// !$*UTF8*$!
{
	archiveVersion = 1;
	classes = {
	};
	objectVersion = 46;
	objects = {

/* Begin PBXBuildFile section */
		1C3558FE187AED0A00D3661E /* NIPhotoAlbumScrollView.m in Sources */ = {isa = PBXBuildFile; fileRef = 1C3558F3187AED0A00D3661E /* NIPhotoAlbumScrollView.m */; };
		1C3558FF187AED0A00D3661E /* NIPhotoScrollView.m in Sources */ = {isa = PBXBuildFile; fileRef = 1C3558F7187AED0A00D3661E /* NIPhotoScrollView.m */; };
		1C355900187AED0A00D3661E /* NIPhotoScrubberView.m in Sources */ = {isa = PBXBuildFile; fileRef = 1C3558FB187AED0A00D3661E /* NIPhotoScrubberView.m */; };
		1C355901187AED0A00D3661E /* NIToolbarPhotoViewController.m in Sources */ = {isa = PBXBuildFile; fileRef = 1C3558FD187AED0A00D3661E /* NIToolbarPhotoViewController.m */; };
		1C355904187AED9F00D3661E /* PhotoGalleryController.m in Sources */ = {isa = PBXBuildFile; fileRef = 1C355903187AED9F00D3661E /* PhotoGalleryController.m */; };
		1C35590F187B4B4900D3661E /* NIPageView.m in Sources */ = {isa = PBXBuildFile; fileRef = 1C355908187B4B4900D3661E /* NIPageView.m */; };
		1C355910187B4B4900D3661E /* NIPagingScrollView.m in Sources */ = {isa = PBXBuildFile; fileRef = 1C35590A187B4B4900D3661E /* NIPagingScrollView.m */; };
		1C355943187B4BCF00D3661E /* NIActions.m in Sources */ = {isa = PBXBuildFile; fileRef = 1C355912187B4BCF00D3661E /* NIActions.m */; };
		1C355944187B4BCF00D3661E /* NIButtonUtilities.m in Sources */ = {isa = PBXBuildFile; fileRef = 1C355915187B4BCF00D3661E /* NIButtonUtilities.m */; };
		1C355945187B4BCF00D3661E /* NICommonMetrics.m in Sources */ = {isa = PBXBuildFile; fileRef = 1C355917187B4BCF00D3661E /* NICommonMetrics.m */; };
		1C355946187B4BCF00D3661E /* NIDataStructures.m in Sources */ = {isa = PBXBuildFile; fileRef = 1C355919187B4BCF00D3661E /* NIDataStructures.m */; };
		1C355947187B4BCF00D3661E /* NIDebuggingTools.m in Sources */ = {isa = PBXBuildFile; fileRef = 1C35591B187B4BCF00D3661E /* NIDebuggingTools.m */; };
		1C355948187B4BCF00D3661E /* NIDeviceOrientation.m in Sources */ = {isa = PBXBuildFile; fileRef = 1C35591D187B4BCF00D3661E /* NIDeviceOrientation.m */; };
		1C355949187B4BCF00D3661E /* NIError.m in Sources */ = {isa = PBXBuildFile; fileRef = 1C35591F187B4BCF00D3661E /* NIError.m */; };
		1C35594A187B4BCF00D3661E /* NIFoundationMethods.m in Sources */ = {isa = PBXBuildFile; fileRef = 1C355921187B4BCF00D3661E /* NIFoundationMethods.m */; };
		1C35594B187B4BCF00D3661E /* NIImageUtilities.m in Sources */ = {isa = PBXBuildFile; fileRef = 1C355923187B4BCF00D3661E /* NIImageUtilities.m */; };
		1C35594C187B4BCF00D3661E /* NIInMemoryCache.m in Sources */ = {isa = PBXBuildFile; fileRef = 1C355925187B4BCF00D3661E /* NIInMemoryCache.m */; };
		1C35594D187B4BCF00D3661E /* NIInvocationMethods.m in Sources */ = {isa = PBXBuildFile; fileRef = 1C355927187B4BCF00D3661E /* NIInvocationMethods.m */; };
		1C35594E187B4BCF00D3661E /* NINavigationAppearance.m in Sources */ = {isa = PBXBuildFile; fileRef = 1C35592B187B4BCF00D3661E /* NINavigationAppearance.m */; };
		1C35594F187B4BCF00D3661E /* NINetworkActivity.m in Sources */ = {isa = PBXBuildFile; fileRef = 1C35592D187B4BCF00D3661E /* NINetworkActivity.m */; };
		1C355950187B4BCF00D3661E /* NINonEmptyCollectionTesting.m in Sources */ = {isa = PBXBuildFile; fileRef = 1C35592F187B4BCF00D3661E /* NINonEmptyCollectionTesting.m */; };
		1C355951187B4BCF00D3661E /* NINonRetainingCollections.m in Sources */ = {isa = PBXBuildFile; fileRef = 1C355931187B4BCF00D3661E /* NINonRetainingCollections.m */; };
		1C355952187B4BCF00D3661E /* NIOperations.m in Sources */ = {isa = PBXBuildFile; fileRef = 1C355933187B4BCF00D3661E /* NIOperations.m */; };
		1C355953187B4BCF00D3661E /* NIPaths.m in Sources */ = {isa = PBXBuildFile; fileRef = 1C355936187B4BCF00D3661E /* NIPaths.m */; };
		1C355954187B4BCF00D3661E /* NIRuntimeClassModifications.m in Sources */ = {isa = PBXBuildFile; fileRef = 1C355938187B4BCF00D3661E /* NIRuntimeClassModifications.m */; };
		1C355955187B4BCF00D3661E /* NISDKAvailability.m in Sources */ = {isa = PBXBuildFile; fileRef = 1C35593A187B4BCF00D3661E /* NISDKAvailability.m */; };
		1C355956187B4BCF00D3661E /* NISnapshotRotation.m in Sources */ = {isa = PBXBuildFile; fileRef = 1C35593C187B4BCF00D3661E /* NISnapshotRotation.m */; };
		1C355957187B4BCF00D3661E /* NIState.m in Sources */ = {isa = PBXBuildFile; fileRef = 1C35593E187B4BCF00D3661E /* NIState.m */; };
		1C355958187B4BCF00D3661E /* NIViewRecycler.m in Sources */ = {isa = PBXBuildFile; fileRef = 1C355940187B4BCF00D3661E /* NIViewRecycler.m */; };
		1C355959187B4BCF00D3661E /* NSString+NimbusCore.m in Sources */ = {isa = PBXBuildFile; fileRef = 1C355942187B4BCF00D3661E /* NSString+NimbusCore.m */; };
		1C35595B187BFF3400D3661E /* NimbusPhotos.bundle in Resources */ = {isa = PBXBuildFile; fileRef = 1C35595A187BFF3400D3661E /* NimbusPhotos.bundle */; };
		1CD83F6E17EE250C005EE08D /* RootViewController.m in Sources */ = {isa = PBXBuildFile; fileRef = 1CD83F6D17EE250C005EE08D /* RootViewController.m */; };
		1CD83F7117EE450B005EE08D /* Stack.m in Sources */ = {isa = PBXBuildFile; fileRef = 1CD83F7017EE450B005EE08D /* Stack.m */; };
		1CD8AF0F17DF10DD00F7AF5A /* UIKit.framework in Frameworks */ = {isa = PBXBuildFile; fileRef = 1CD8AF0E17DF10DD00F7AF5A /* UIKit.framework */; };
		1CD8AF1117DF10DD00F7AF5A /* Foundation.framework in Frameworks */ = {isa = PBXBuildFile; fileRef = 1CD8AF1017DF10DD00F7AF5A /* Foundation.framework */; };
		1CD8AF1317DF10DD00F7AF5A /* CoreGraphics.framework in Frameworks */ = {isa = PBXBuildFile; fileRef = 1CD8AF1217DF10DD00F7AF5A /* CoreGraphics.framework */; };
		1CD8AF1917DF10DD00F7AF5A /* InfoPlist.strings in Resources */ = {isa = PBXBuildFile; fileRef = 1CD8AF1717DF10DD00F7AF5A /* InfoPlist.strings */; };
		1CD8AF1B17DF10DD00F7AF5A /* main.m in Sources */ = {isa = PBXBuildFile; fileRef = 1CD8AF1A17DF10DD00F7AF5A /* main.m */; };
		1CD8AF1F17DF10DD00F7AF5A /* AppDelegate.m in Sources */ = {isa = PBXBuildFile; fileRef = 1CD8AF1E17DF10DD00F7AF5A /* AppDelegate.m */; };
		1CD8AF2117DF10DD00F7AF5A /* Default.png in Resources */ = {isa = PBXBuildFile; fileRef = 1CD8AF2017DF10DD00F7AF5A /* Default.png */; };
		1CD8AF2317DF10DD00F7AF5A /* Default@2x.png in Resources */ = {isa = PBXBuildFile; fileRef = 1CD8AF2217DF10DD00F7AF5A /* Default@2x.png */; };
		1CD8AF2517DF10DD00F7AF5A /* Default-568h@2x.png in Resources */ = {isa = PBXBuildFile; fileRef = 1CD8AF2417DF10DD00F7AF5A /* Default-568h@2x.png */; };
		1CD8AF2D17DF10DD00F7AF5A /* SenTestingKit.framework in Frameworks */ = {isa = PBXBuildFile; fileRef = 1CD8AF2C17DF10DD00F7AF5A /* SenTestingKit.framework */; };
		1CD8AF2E17DF10DD00F7AF5A /* UIKit.framework in Frameworks */ = {isa = PBXBuildFile; fileRef = 1CD8AF0E17DF10DD00F7AF5A /* UIKit.framework */; };
		1CD8AF2F17DF10DD00F7AF5A /* Foundation.framework in Frameworks */ = {isa = PBXBuildFile; fileRef = 1CD8AF1017DF10DD00F7AF5A /* Foundation.framework */; };
		1CD8AF3717DF10DD00F7AF5A /* InfoPlist.strings in Resources */ = {isa = PBXBuildFile; fileRef = 1CD8AF3517DF10DD00F7AF5A /* InfoPlist.strings */; };
		1CD8AF3A17DF10DE00F7AF5A /* PokrovskySoborTests.m in Sources */ = {isa = PBXBuildFile; fileRef = 1CD8AF3917DF10DE00F7AF5A /* PokrovskySoborTests.m */; };
		1CD8AF4417DF419C00F7AF5A /* www in Resources */ = {isa = PBXBuildFile; fileRef = 1CD8AF4317DF419C00F7AF5A /* www */; };
		1CD8AF4717E0D30F00F7AF5A /* CCircleButton.m in Sources */ = {isa = PBXBuildFile; fileRef = 1CD8AF4617E0D30F00F7AF5A /* CCircleButton.m */; };
		1CF33C0D1882E6AB00E5E9DE /* close@2x.png in Resources */ = {isa = PBXBuildFile; fileRef = 1CF33C0B1882E6A900E5E9DE /* close@2x.png */; };
		1CF33C0E1882E6AB00E5E9DE /* close.png in Resources */ = {isa = PBXBuildFile; fileRef = 1CF33C0C1882E6AA00E5E9DE /* close.png */; };
/* End PBXBuildFile section */

/* Begin PBXContainerItemProxy section */
		1CD8AF3017DF10DD00F7AF5A /* PBXContainerItemProxy */ = {
			isa = PBXContainerItemProxy;
			containerPortal = 1CD8AF0317DF10DD00F7AF5A /* Project object */;
			proxyType = 1;
			remoteGlobalIDString = 1CD8AF0A17DF10DD00F7AF5A;
			remoteInfo = PokrovskySobor;
		};
/* End PBXContainerItemProxy section */

/* Begin PBXFileReference section */
		1C3558F1187AED0A00D3661E /* NimbusPhotos.h */ = {isa = PBXFileReference; fileEncoding = 4; lastKnownFileType = sourcecode.c.h; path = NimbusPhotos.h; sourceTree = "<group>"; };
		1C3558F2187AED0A00D3661E /* NIPhotoAlbumScrollView.h */ = {isa = PBXFileReference; fileEncoding = 4; lastKnownFileType = sourcecode.c.h; path = NIPhotoAlbumScrollView.h; sourceTree = "<group>"; };
		1C3558F3187AED0A00D3661E /* NIPhotoAlbumScrollView.m */ = {isa = PBXFileReference; fileEncoding = 4; lastKnownFileType = sourcecode.c.objc; path = NIPhotoAlbumScrollView.m; sourceTree = "<group>"; };
		1C3558F4187AED0A00D3661E /* NIPhotoAlbumScrollViewDataSource.h */ = {isa = PBXFileReference; fileEncoding = 4; lastKnownFileType = sourcecode.c.h; path = NIPhotoAlbumScrollViewDataSource.h; sourceTree = "<group>"; };
		1C3558F5187AED0A00D3661E /* NIPhotoAlbumScrollViewDelegate.h */ = {isa = PBXFileReference; fileEncoding = 4; lastKnownFileType = sourcecode.c.h; path = NIPhotoAlbumScrollViewDelegate.h; sourceTree = "<group>"; };
		1C3558F6187AED0A00D3661E /* NIPhotoScrollView.h */ = {isa = PBXFileReference; fileEncoding = 4; lastKnownFileType = sourcecode.c.h; path = NIPhotoScrollView.h; sourceTree = "<group>"; };
		1C3558F7187AED0A00D3661E /* NIPhotoScrollView.m */ = {isa = PBXFileReference; fileEncoding = 4; lastKnownFileType = sourcecode.c.objc; path = NIPhotoScrollView.m; sourceTree = "<group>"; };
		1C3558F8187AED0A00D3661E /* NIPhotoScrollViewDelegate.h */ = {isa = PBXFileReference; fileEncoding = 4; lastKnownFileType = sourcecode.c.h; path = NIPhotoScrollViewDelegate.h; sourceTree = "<group>"; };
		1C3558F9187AED0A00D3661E /* NIPhotoScrollViewPhotoSize.h */ = {isa = PBXFileReference; fileEncoding = 4; lastKnownFileType = sourcecode.c.h; path = NIPhotoScrollViewPhotoSize.h; sourceTree = "<group>"; };
		1C3558FA187AED0A00D3661E /* NIPhotoScrubberView.h */ = {isa = PBXFileReference; fileEncoding = 4; lastKnownFileType = sourcecode.c.h; path = NIPhotoScrubberView.h; sourceTree = "<group>"; };
		1C3558FB187AED0A00D3661E /* NIPhotoScrubberView.m */ = {isa = PBXFileReference; fileEncoding = 4; lastKnownFileType = sourcecode.c.objc; path = NIPhotoScrubberView.m; sourceTree = "<group>"; };
		1C3558FC187AED0A00D3661E /* NIToolbarPhotoViewController.h */ = {isa = PBXFileReference; fileEncoding = 4; lastKnownFileType = sourcecode.c.h; path = NIToolbarPhotoViewController.h; sourceTree = "<group>"; };
		1C3558FD187AED0A00D3661E /* NIToolbarPhotoViewController.m */ = {isa = PBXFileReference; fileEncoding = 4; lastKnownFileType = sourcecode.c.objc; path = NIToolbarPhotoViewController.m; sourceTree = "<group>"; };
		1C355902187AED9F00D3661E /* PhotoGalleryController.h */ = {isa = PBXFileReference; fileEncoding = 4; lastKnownFileType = sourcecode.c.h; path = PhotoGalleryController.h; sourceTree = "<group>"; };
		1C355903187AED9F00D3661E /* PhotoGalleryController.m */ = {isa = PBXFileReference; fileEncoding = 4; lastKnownFileType = sourcecode.c.objc; path = PhotoGalleryController.m; sourceTree = "<group>"; };
		1C355905187B4AD800D3661E /* NimbusPagingScrollView.h */ = {isa = PBXFileReference; fileEncoding = 4; lastKnownFileType = sourcecode.c.h; path = NimbusPagingScrollView.h; sourceTree = "<group>"; };
		1C355906187B4AD800D3661E /* NIPreprocessorMacros.h */ = {isa = PBXFileReference; fileEncoding = 4; lastKnownFileType = sourcecode.c.h; path = NIPreprocessorMacros.h; sourceTree = "<group>"; };
		1C355907187B4B4900D3661E /* NIPageView.h */ = {isa = PBXFileReference; fileEncoding = 4; lastKnownFileType = sourcecode.c.h; path = NIPageView.h; sourceTree = "<group>"; };
		1C355908187B4B4900D3661E /* NIPageView.m */ = {isa = PBXFileReference; fileEncoding = 4; lastKnownFileType = sourcecode.c.objc; path = NIPageView.m; sourceTree = "<group>"; };
		1C355909187B4B4900D3661E /* NIPagingScrollView.h */ = {isa = PBXFileReference; fileEncoding = 4; lastKnownFileType = sourcecode.c.h; path = NIPagingScrollView.h; sourceTree = "<group>"; };
		1C35590A187B4B4900D3661E /* NIPagingScrollView.m */ = {isa = PBXFileReference; fileEncoding = 4; lastKnownFileType = sourcecode.c.objc; path = NIPagingScrollView.m; sourceTree = "<group>"; };
		1C35590B187B4B4900D3661E /* NIPagingScrollView+Subclassing.h */ = {isa = PBXFileReference; fileEncoding = 4; lastKnownFileType = sourcecode.c.h; path = "NIPagingScrollView+Subclassing.h"; sourceTree = "<group>"; };
		1C35590C187B4B4900D3661E /* NIPagingScrollViewDataSource.h */ = {isa = PBXFileReference; fileEncoding = 4; lastKnownFileType = sourcecode.c.h; path = NIPagingScrollViewDataSource.h; sourceTree = "<group>"; };
		1C35590D187B4B4900D3661E /* NIPagingScrollViewDelegate.h */ = {isa = PBXFileReference; fileEncoding = 4; lastKnownFileType = sourcecode.c.h; path = NIPagingScrollViewDelegate.h; sourceTree = "<group>"; };
		1C35590E187B4B4900D3661E /* NIPagingScrollViewPage.h */ = {isa = PBXFileReference; fileEncoding = 4; lastKnownFileType = sourcecode.c.h; path = NIPagingScrollViewPage.h; sourceTree = "<group>"; };
		1C355911187B4BCF00D3661E /* NIActions.h */ = {isa = PBXFileReference; fileEncoding = 4; lastKnownFileType = sourcecode.c.h; path = NIActions.h; sourceTree = "<group>"; };
		1C355912187B4BCF00D3661E /* NIActions.m */ = {isa = PBXFileReference; fileEncoding = 4; lastKnownFileType = sourcecode.c.objc; path = NIActions.m; sourceTree = "<group>"; };
		1C355913187B4BCF00D3661E /* NIActions+Subclassing.h */ = {isa = PBXFileReference; fileEncoding = 4; lastKnownFileType = sourcecode.c.h; path = "NIActions+Subclassing.h"; sourceTree = "<group>"; };
		1C355914187B4BCF00D3661E /* NIButtonUtilities.h */ = {isa = PBXFileReference; fileEncoding = 4; lastKnownFileType = sourcecode.c.h; path = NIButtonUtilities.h; sourceTree = "<group>"; };
		1C355915187B4BCF00D3661E /* NIButtonUtilities.m */ = {isa = PBXFileReference; fileEncoding = 4; lastKnownFileType = sourcecode.c.objc; path = NIButtonUtilities.m; sourceTree = "<group>"; };
		1C355916187B4BCF00D3661E /* NICommonMetrics.h */ = {isa = PBXFileReference; fileEncoding = 4; lastKnownFileType = sourcecode.c.h; path = NICommonMetrics.h; sourceTree = "<group>"; };
		1C355917187B4BCF00D3661E /* NICommonMetrics.m */ = {isa = PBXFileReference; fileEncoding = 4; lastKnownFileType = sourcecode.c.objc; path = NICommonMetrics.m; sourceTree = "<group>"; };
		1C355918187B4BCF00D3661E /* NIDataStructures.h */ = {isa = PBXFileReference; fileEncoding = 4; lastKnownFileType = sourcecode.c.h; path = NIDataStructures.h; sourceTree = "<group>"; };
		1C355919187B4BCF00D3661E /* NIDataStructures.m */ = {isa = PBXFileReference; fileEncoding = 4; lastKnownFileType = sourcecode.c.objc; path = NIDataStructures.m; sourceTree = "<group>"; };
		1C35591A187B4BCF00D3661E /* NIDebuggingTools.h */ = {isa = PBXFileReference; fileEncoding = 4; lastKnownFileType = sourcecode.c.h; path = NIDebuggingTools.h; sourceTree = "<group>"; };
		1C35591B187B4BCF00D3661E /* NIDebuggingTools.m */ = {isa = PBXFileReference; fileEncoding = 4; lastKnownFileType = sourcecode.c.objc; path = NIDebuggingTools.m; sourceTree = "<group>"; };
		1C35591C187B4BCF00D3661E /* NIDeviceOrientation.h */ = {isa = PBXFileReference; fileEncoding = 4; lastKnownFileType = sourcecode.c.h; path = NIDeviceOrientation.h; sourceTree = "<group>"; };
		1C35591D187B4BCF00D3661E /* NIDeviceOrientation.m */ = {isa = PBXFileReference; fileEncoding = 4; lastKnownFileType = sourcecode.c.objc; path = NIDeviceOrientation.m; sourceTree = "<group>"; };
		1C35591E187B4BCF00D3661E /* NIError.h */ = {isa = PBXFileReference; fileEncoding = 4; lastKnownFileType = sourcecode.c.h; path = NIError.h; sourceTree = "<group>"; };
		1C35591F187B4BCF00D3661E /* NIError.m */ = {isa = PBXFileReference; fileEncoding = 4; lastKnownFileType = sourcecode.c.objc; path = NIError.m; sourceTree = "<group>"; };
		1C355920187B4BCF00D3661E /* NIFoundationMethods.h */ = {isa = PBXFileReference; fileEncoding = 4; lastKnownFileType = sourcecode.c.h; path = NIFoundationMethods.h; sourceTree = "<group>"; };
		1C355921187B4BCF00D3661E /* NIFoundationMethods.m */ = {isa = PBXFileReference; fileEncoding = 4; lastKnownFileType = sourcecode.c.objc; path = NIFoundationMethods.m; sourceTree = "<group>"; };
		1C355922187B4BCF00D3661E /* NIImageUtilities.h */ = {isa = PBXFileReference; fileEncoding = 4; lastKnownFileType = sourcecode.c.h; path = NIImageUtilities.h; sourceTree = "<group>"; };
		1C355923187B4BCF00D3661E /* NIImageUtilities.m */ = {isa = PBXFileReference; fileEncoding = 4; lastKnownFileType = sourcecode.c.objc; path = NIImageUtilities.m; sourceTree = "<group>"; };
		1C355924187B4BCF00D3661E /* NIInMemoryCache.h */ = {isa = PBXFileReference; fileEncoding = 4; lastKnownFileType = sourcecode.c.h; path = NIInMemoryCache.h; sourceTree = "<group>"; };
		1C355925187B4BCF00D3661E /* NIInMemoryCache.m */ = {isa = PBXFileReference; fileEncoding = 4; lastKnownFileType = sourcecode.c.objc; path = NIInMemoryCache.m; sourceTree = "<group>"; };
		1C355926187B4BCF00D3661E /* NIInvocationMethods.h */ = {isa = PBXFileReference; fileEncoding = 4; lastKnownFileType = sourcecode.c.h; path = NIInvocationMethods.h; sourceTree = "<group>"; };
		1C355927187B4BCF00D3661E /* NIInvocationMethods.m */ = {isa = PBXFileReference; fileEncoding = 4; lastKnownFileType = sourcecode.c.objc; path = NIInvocationMethods.m; sourceTree = "<group>"; };
		1C355928187B4BCF00D3661E /* NimbusCore.h */ = {isa = PBXFileReference; fileEncoding = 4; lastKnownFileType = sourcecode.c.h; path = NimbusCore.h; sourceTree = "<group>"; };
		1C355929187B4BCF00D3661E /* NimbusCore+Additions.h */ = {isa = PBXFileReference; fileEncoding = 4; lastKnownFileType = sourcecode.c.h; path = "NimbusCore+Additions.h"; sourceTree = "<group>"; };
		1C35592A187B4BCF00D3661E /* NINavigationAppearance.h */ = {isa = PBXFileReference; fileEncoding = 4; lastKnownFileType = sourcecode.c.h; path = NINavigationAppearance.h; sourceTree = "<group>"; };
		1C35592B187B4BCF00D3661E /* NINavigationAppearance.m */ = {isa = PBXFileReference; fileEncoding = 4; lastKnownFileType = sourcecode.c.objc; path = NINavigationAppearance.m; sourceTree = "<group>"; };
		1C35592C187B4BCF00D3661E /* NINetworkActivity.h */ = {isa = PBXFileReference; fileEncoding = 4; lastKnownFileType = sourcecode.c.h; path = NINetworkActivity.h; sourceTree = "<group>"; };
		1C35592D187B4BCF00D3661E /* NINetworkActivity.m */ = {isa = PBXFileReference; fileEncoding = 4; lastKnownFileType = sourcecode.c.objc; path = NINetworkActivity.m; sourceTree = "<group>"; };
		1C35592E187B4BCF00D3661E /* NINonEmptyCollectionTesting.h */ = {isa = PBXFileReference; fileEncoding = 4; lastKnownFileType = sourcecode.c.h; path = NINonEmptyCollectionTesting.h; sourceTree = "<group>"; };
		1C35592F187B4BCF00D3661E /* NINonEmptyCollectionTesting.m */ = {isa = PBXFileReference; fileEncoding = 4; lastKnownFileType = sourcecode.c.objc; path = NINonEmptyCollectionTesting.m; sourceTree = "<group>"; };
		1C355930187B4BCF00D3661E /* NINonRetainingCollections.h */ = {isa = PBXFileReference; fileEncoding = 4; lastKnownFileType = sourcecode.c.h; path = NINonRetainingCollections.h; sourceTree = "<group>"; };
		1C355931187B4BCF00D3661E /* NINonRetainingCollections.m */ = {isa = PBXFileReference; fileEncoding = 4; lastKnownFileType = sourcecode.c.objc; path = NINonRetainingCollections.m; sourceTree = "<group>"; };
		1C355932187B4BCF00D3661E /* NIOperations.h */ = {isa = PBXFileReference; fileEncoding = 4; lastKnownFileType = sourcecode.c.h; path = NIOperations.h; sourceTree = "<group>"; };
		1C355933187B4BCF00D3661E /* NIOperations.m */ = {isa = PBXFileReference; fileEncoding = 4; lastKnownFileType = sourcecode.c.objc; path = NIOperations.m; sourceTree = "<group>"; };
		1C355934187B4BCF00D3661E /* NIOperations+Subclassing.h */ = {isa = PBXFileReference; fileEncoding = 4; lastKnownFileType = sourcecode.c.h; path = "NIOperations+Subclassing.h"; sourceTree = "<group>"; };
		1C355935187B4BCF00D3661E /* NIPaths.h */ = {isa = PBXFileReference; fileEncoding = 4; lastKnownFileType = sourcecode.c.h; path = NIPaths.h; sourceTree = "<group>"; };
		1C355936187B4BCF00D3661E /* NIPaths.m */ = {isa = PBXFileReference; fileEncoding = 4; lastKnownFileType = sourcecode.c.objc; path = NIPaths.m; sourceTree = "<group>"; };
		1C355937187B4BCF00D3661E /* NIRuntimeClassModifications.h */ = {isa = PBXFileReference; fileEncoding = 4; lastKnownFileType = sourcecode.c.h; path = NIRuntimeClassModifications.h; sourceTree = "<group>"; };
		1C355938187B4BCF00D3661E /* NIRuntimeClassModifications.m */ = {isa = PBXFileReference; fileEncoding = 4; lastKnownFileType = sourcecode.c.objc; path = NIRuntimeClassModifications.m; sourceTree = "<group>"; };
		1C355939187B4BCF00D3661E /* NISDKAvailability.h */ = {isa = PBXFileReference; fileEncoding = 4; lastKnownFileType = sourcecode.c.h; path = NISDKAvailability.h; sourceTree = "<group>"; };
		1C35593A187B4BCF00D3661E /* NISDKAvailability.m */ = {isa = PBXFileReference; fileEncoding = 4; lastKnownFileType = sourcecode.c.objc; path = NISDKAvailability.m; sourceTree = "<group>"; };
		1C35593B187B4BCF00D3661E /* NISnapshotRotation.h */ = {isa = PBXFileReference; fileEncoding = 4; lastKnownFileType = sourcecode.c.h; path = NISnapshotRotation.h; sourceTree = "<group>"; };
		1C35593C187B4BCF00D3661E /* NISnapshotRotation.m */ = {isa = PBXFileReference; fileEncoding = 4; lastKnownFileType = sourcecode.c.objc; path = NISnapshotRotation.m; sourceTree = "<group>"; };
		1C35593D187B4BCF00D3661E /* NIState.h */ = {isa = PBXFileReference; fileEncoding = 4; lastKnownFileType = sourcecode.c.h; path = NIState.h; sourceTree = "<group>"; };
		1C35593E187B4BCF00D3661E /* NIState.m */ = {isa = PBXFileReference; fileEncoding = 4; lastKnownFileType = sourcecode.c.objc; path = NIState.m; sourceTree = "<group>"; };
		1C35593F187B4BCF00D3661E /* NIViewRecycler.h */ = {isa = PBXFileReference; fileEncoding = 4; lastKnownFileType = sourcecode.c.h; path = NIViewRecycler.h; sourceTree = "<group>"; };
		1C355940187B4BCF00D3661E /* NIViewRecycler.m */ = {isa = PBXFileReference; fileEncoding = 4; lastKnownFileType = sourcecode.c.objc; path = NIViewRecycler.m; sourceTree = "<group>"; };
		1C355941187B4BCF00D3661E /* NSString+NimbusCore.h */ = {isa = PBXFileReference; fileEncoding = 4; lastKnownFileType = sourcecode.c.h; path = "NSString+NimbusCore.h"; sourceTree = "<group>"; };
		1C355942187B4BCF00D3661E /* NSString+NimbusCore.m */ = {isa = PBXFileReference; fileEncoding = 4; lastKnownFileType = sourcecode.c.objc; path = "NSString+NimbusCore.m"; sourceTree = "<group>"; };
		1C35595A187BFF3400D3661E /* NimbusPhotos.bundle */ = {isa = PBXFileReference; lastKnownFileType = "wrapper.plug-in"; path = NimbusPhotos.bundle; sourceTree = "<group>"; };
		1CD83F6C17EE250C005EE08D /* RootViewController.h */ = {isa = PBXFileReference; fileEncoding = 4; lastKnownFileType = sourcecode.c.h; path = RootViewController.h; sourceTree = "<group>"; };
		1CD83F6D17EE250C005EE08D /* RootViewController.m */ = {isa = PBXFileReference; fileEncoding = 4; lastKnownFileType = sourcecode.c.objc; path = RootViewController.m; sourceTree = "<group>"; };
		1CD83F6F17EE450B005EE08D /* Stack.h */ = {isa = PBXFileReference; fileEncoding = 4; lastKnownFileType = sourcecode.c.h; path = Stack.h; sourceTree = "<group>"; };
		1CD83F7017EE450B005EE08D /* Stack.m */ = {isa = PBXFileReference; fileEncoding = 4; lastKnownFileType = sourcecode.c.objc; path = Stack.m; sourceTree = "<group>"; };
		1CD8AF0B17DF10DD00F7AF5A /* PokrovskySobor.app */ = {isa = PBXFileReference; explicitFileType = wrapper.application; includeInIndex = 0; path = PokrovskySobor.app; sourceTree = BUILT_PRODUCTS_DIR; };
		1CD8AF0E17DF10DD00F7AF5A /* UIKit.framework */ = {isa = PBXFileReference; lastKnownFileType = wrapper.framework; name = UIKit.framework; path = System/Library/Frameworks/UIKit.framework; sourceTree = SDKROOT; };
		1CD8AF1017DF10DD00F7AF5A /* Foundation.framework */ = {isa = PBXFileReference; lastKnownFileType = wrapper.framework; name = Foundation.framework; path = System/Library/Frameworks/Foundation.framework; sourceTree = SDKROOT; };
		1CD8AF1217DF10DD00F7AF5A /* CoreGraphics.framework */ = {isa = PBXFileReference; lastKnownFileType = wrapper.framework; name = CoreGraphics.framework; path = System/Library/Frameworks/CoreGraphics.framework; sourceTree = SDKROOT; };
		1CD8AF1617DF10DD00F7AF5A /* PokrovskySobor-Info.plist */ = {isa = PBXFileReference; lastKnownFileType = text.plist.xml; path = "PokrovskySobor-Info.plist"; sourceTree = "<group>"; };
		1CD8AF1817DF10DD00F7AF5A /* en */ = {isa = PBXFileReference; lastKnownFileType = text.plist.strings; name = en; path = en.lproj/InfoPlist.strings; sourceTree = "<group>"; };
		1CD8AF1A17DF10DD00F7AF5A /* main.m */ = {isa = PBXFileReference; lastKnownFileType = sourcecode.c.objc; path = main.m; sourceTree = "<group>"; };
		1CD8AF1C17DF10DD00F7AF5A /* PokrovskySobor-Prefix.pch */ = {isa = PBXFileReference; lastKnownFileType = sourcecode.c.h; path = "PokrovskySobor-Prefix.pch"; sourceTree = "<group>"; };
		1CD8AF1D17DF10DD00F7AF5A /* AppDelegate.h */ = {isa = PBXFileReference; lastKnownFileType = sourcecode.c.h; path = AppDelegate.h; sourceTree = "<group>"; };
		1CD8AF1E17DF10DD00F7AF5A /* AppDelegate.m */ = {isa = PBXFileReference; lastKnownFileType = sourcecode.c.objc; path = AppDelegate.m; sourceTree = "<group>"; };
		1CD8AF2017DF10DD00F7AF5A /* Default.png */ = {isa = PBXFileReference; lastKnownFileType = image.png; path = Default.png; sourceTree = "<group>"; };
		1CD8AF2217DF10DD00F7AF5A /* Default@2x.png */ = {isa = PBXFileReference; lastKnownFileType = image.png; path = "Default@2x.png"; sourceTree = "<group>"; };
		1CD8AF2417DF10DD00F7AF5A /* Default-568h@2x.png */ = {isa = PBXFileReference; lastKnownFileType = image.png; path = "Default-568h@2x.png"; sourceTree = "<group>"; };
		1CD8AF2B17DF10DD00F7AF5A /* PokrovskySoborTests.octest */ = {isa = PBXFileReference; explicitFileType = wrapper.cfbundle; includeInIndex = 0; path = PokrovskySoborTests.octest; sourceTree = BUILT_PRODUCTS_DIR; };
		1CD8AF2C17DF10DD00F7AF5A /* SenTestingKit.framework */ = {isa = PBXFileReference; lastKnownFileType = wrapper.framework; name = SenTestingKit.framework; path = Library/Frameworks/SenTestingKit.framework; sourceTree = DEVELOPER_DIR; };
		1CD8AF3417DF10DD00F7AF5A /* PokrovskySoborTests-Info.plist */ = {isa = PBXFileReference; lastKnownFileType = text.plist.xml; path = "PokrovskySoborTests-Info.plist"; sourceTree = "<group>"; };
		1CD8AF3617DF10DD00F7AF5A /* en */ = {isa = PBXFileReference; lastKnownFileType = text.plist.strings; name = en; path = en.lproj/InfoPlist.strings; sourceTree = "<group>"; };
		1CD8AF3817DF10DE00F7AF5A /* PokrovskySoborTests.h */ = {isa = PBXFileReference; lastKnownFileType = sourcecode.c.h; path = PokrovskySoborTests.h; sourceTree = "<group>"; };
		1CD8AF3917DF10DE00F7AF5A /* PokrovskySoborTests.m */ = {isa = PBXFileReference; lastKnownFileType = sourcecode.c.objc; path = PokrovskySoborTests.m; sourceTree = "<group>"; };
		1CD8AF4317DF419C00F7AF5A /* www */ = {isa = PBXFileReference; lastKnownFileType = folder; path = www; sourceTree = "<group>"; };
		1CD8AF4517E0D30F00F7AF5A /* CCircleButton.h */ = {isa = PBXFileReference; fileEncoding = 4; lastKnownFileType = sourcecode.c.h; path = CCircleButton.h; sourceTree = "<group>"; };
		1CD8AF4617E0D30F00F7AF5A /* CCircleButton.m */ = {isa = PBXFileReference; fileEncoding = 4; lastKnownFileType = sourcecode.c.objc; path = CCircleButton.m; sourceTree = "<group>"; };
		1CF33C0B1882E6A900E5E9DE /* close@2x.png */ = {isa = PBXFileReference; lastKnownFileType = image.png; path = "close@2x.png"; sourceTree = "<group>"; };
		1CF33C0C1882E6AA00E5E9DE /* close.png */ = {isa = PBXFileReference; lastKnownFileType = image.png; path = close.png; sourceTree = "<group>"; };
/* End PBXFileReference section */

/* Begin PBXFrameworksBuildPhase section */
		1CD8AF0817DF10DD00F7AF5A /* Frameworks */ = {
			isa = PBXFrameworksBuildPhase;
			buildActionMask = 2147483647;
			files = (
				1CD8AF0F17DF10DD00F7AF5A /* UIKit.framework in Frameworks */,
				1CD8AF1117DF10DD00F7AF5A /* Foundation.framework in Frameworks */,
				1CD8AF1317DF10DD00F7AF5A /* CoreGraphics.framework in Frameworks */,
			);
			runOnlyForDeploymentPostprocessing = 0;
		};
		1CD8AF2717DF10DD00F7AF5A /* Frameworks */ = {
			isa = PBXFrameworksBuildPhase;
			buildActionMask = 2147483647;
			files = (
				1CD8AF2D17DF10DD00F7AF5A /* SenTestingKit.framework in Frameworks */,
				1CD8AF2E17DF10DD00F7AF5A /* UIKit.framework in Frameworks */,
				1CD8AF2F17DF10DD00F7AF5A /* Foundation.framework in Frameworks */,
			);
			runOnlyForDeploymentPostprocessing = 0;
		};
/* End PBXFrameworksBuildPhase section */

/* Begin PBXGroup section */
		1C3558F0187AED0A00D3661E /* NimbusPhotos */ = {
			isa = PBXGroup;
			children = (
				1C355911187B4BCF00D3661E /* NIActions.h */,
				1C355912187B4BCF00D3661E /* NIActions.m */,
				1C355913187B4BCF00D3661E /* NIActions+Subclassing.h */,
				1C355914187B4BCF00D3661E /* NIButtonUtilities.h */,
				1C355915187B4BCF00D3661E /* NIButtonUtilities.m */,
				1C355916187B4BCF00D3661E /* NICommonMetrics.h */,
				1C355917187B4BCF00D3661E /* NICommonMetrics.m */,
				1C355918187B4BCF00D3661E /* NIDataStructures.h */,
				1C355919187B4BCF00D3661E /* NIDataStructures.m */,
				1C35591A187B4BCF00D3661E /* NIDebuggingTools.h */,
				1C35591B187B4BCF00D3661E /* NIDebuggingTools.m */,
				1C35591C187B4BCF00D3661E /* NIDeviceOrientation.h */,
				1C35591D187B4BCF00D3661E /* NIDeviceOrientation.m */,
				1C35591E187B4BCF00D3661E /* NIError.h */,
				1C35591F187B4BCF00D3661E /* NIError.m */,
				1C355920187B4BCF00D3661E /* NIFoundationMethods.h */,
				1C355921187B4BCF00D3661E /* NIFoundationMethods.m */,
				1C355922187B4BCF00D3661E /* NIImageUtilities.h */,
				1C355923187B4BCF00D3661E /* NIImageUtilities.m */,
				1C355924187B4BCF00D3661E /* NIInMemoryCache.h */,
				1C355925187B4BCF00D3661E /* NIInMemoryCache.m */,
				1C355926187B4BCF00D3661E /* NIInvocationMethods.h */,
				1C355927187B4BCF00D3661E /* NIInvocationMethods.m */,
				1C355928187B4BCF00D3661E /* NimbusCore.h */,
				1C355929187B4BCF00D3661E /* NimbusCore+Additions.h */,
				1C35592A187B4BCF00D3661E /* NINavigationAppearance.h */,
				1C35592B187B4BCF00D3661E /* NINavigationAppearance.m */,
				1C35592C187B4BCF00D3661E /* NINetworkActivity.h */,
				1C35592D187B4BCF00D3661E /* NINetworkActivity.m */,
				1C35592E187B4BCF00D3661E /* NINonEmptyCollectionTesting.h */,
				1C35592F187B4BCF00D3661E /* NINonEmptyCollectionTesting.m */,
				1C355930187B4BCF00D3661E /* NINonRetainingCollections.h */,
				1C355931187B4BCF00D3661E /* NINonRetainingCollections.m */,
				1C355932187B4BCF00D3661E /* NIOperations.h */,
				1C355933187B4BCF00D3661E /* NIOperations.m */,
				1C355934187B4BCF00D3661E /* NIOperations+Subclassing.h */,
				1C355935187B4BCF00D3661E /* NIPaths.h */,
				1C355936187B4BCF00D3661E /* NIPaths.m */,
				1C355937187B4BCF00D3661E /* NIRuntimeClassModifications.h */,
				1C355938187B4BCF00D3661E /* NIRuntimeClassModifications.m */,
				1C355939187B4BCF00D3661E /* NISDKAvailability.h */,
				1C35593A187B4BCF00D3661E /* NISDKAvailability.m */,
				1C35593B187B4BCF00D3661E /* NISnapshotRotation.h */,
				1C35593C187B4BCF00D3661E /* NISnapshotRotation.m */,
				1C35593D187B4BCF00D3661E /* NIState.h */,
				1C35593E187B4BCF00D3661E /* NIState.m */,
				1C35593F187B4BCF00D3661E /* NIViewRecycler.h */,
				1C355940187B4BCF00D3661E /* NIViewRecycler.m */,
				1C355941187B4BCF00D3661E /* NSString+NimbusCore.h */,
				1C355942187B4BCF00D3661E /* NSString+NimbusCore.m */,
				1C355907187B4B4900D3661E /* NIPageView.h */,
				1C355908187B4B4900D3661E /* NIPageView.m */,
				1C355909187B4B4900D3661E /* NIPagingScrollView.h */,
				1C35590A187B4B4900D3661E /* NIPagingScrollView.m */,
				1C35590B187B4B4900D3661E /* NIPagingScrollView+Subclassing.h */,
				1C35590C187B4B4900D3661E /* NIPagingScrollViewDataSource.h */,
				1C35590D187B4B4900D3661E /* NIPagingScrollViewDelegate.h */,
				1C35590E187B4B4900D3661E /* NIPagingScrollViewPage.h */,
				1C355905187B4AD800D3661E /* NimbusPagingScrollView.h */,
				1C355906187B4AD800D3661E /* NIPreprocessorMacros.h */,
				1C3558F1187AED0A00D3661E /* NimbusPhotos.h */,
				1C3558F2187AED0A00D3661E /* NIPhotoAlbumScrollView.h */,
				1C3558F3187AED0A00D3661E /* NIPhotoAlbumScrollView.m */,
				1C3558F4187AED0A00D3661E /* NIPhotoAlbumScrollViewDataSource.h */,
				1C3558F5187AED0A00D3661E /* NIPhotoAlbumScrollViewDelegate.h */,
				1C3558F6187AED0A00D3661E /* NIPhotoScrollView.h */,
				1C3558F7187AED0A00D3661E /* NIPhotoScrollView.m */,
				1C3558F8187AED0A00D3661E /* NIPhotoScrollViewDelegate.h */,
				1C3558F9187AED0A00D3661E /* NIPhotoScrollViewPhotoSize.h */,
				1C3558FA187AED0A00D3661E /* NIPhotoScrubberView.h */,
				1C3558FB187AED0A00D3661E /* NIPhotoScrubberView.m */,
				1C3558FC187AED0A00D3661E /* NIToolbarPhotoViewController.h */,
				1C3558FD187AED0A00D3661E /* NIToolbarPhotoViewController.m */,
			);
			path = NimbusPhotos;
			sourceTree = "<group>";
		};
		1CD8AF0217DF10DD00F7AF5A = {
			isa = PBXGroup;
			children = (
				1CD8AF1417DF10DD00F7AF5A /* PokrovskySobor */,
				1CD8AF3217DF10DD00F7AF5A /* PokrovskySoborTests */,
				1CD8AF0D17DF10DD00F7AF5A /* Frameworks */,
				1CD8AF0C17DF10DD00F7AF5A /* Products */,
			);
			sourceTree = "<group>";
		};
		1CD8AF0C17DF10DD00F7AF5A /* Products */ = {
			isa = PBXGroup;
			children = (
				1CD8AF0B17DF10DD00F7AF5A /* PokrovskySobor.app */,
				1CD8AF2B17DF10DD00F7AF5A /* PokrovskySoborTests.octest */,
			);
			name = Products;
			sourceTree = "<group>";
		};
		1CD8AF0D17DF10DD00F7AF5A /* Frameworks */ = {
			isa = PBXGroup;
			children = (
				1CD8AF0E17DF10DD00F7AF5A /* UIKit.framework */,
				1CD8AF1017DF10DD00F7AF5A /* Foundation.framework */,
				1CD8AF1217DF10DD00F7AF5A /* CoreGraphics.framework */,
				1CD8AF2C17DF10DD00F7AF5A /* SenTestingKit.framework */,
			);
			name = Frameworks;
			sourceTree = "<group>";
		};
		1CD8AF1417DF10DD00F7AF5A /* PokrovskySobor */ = {
			isa = PBXGroup;
			children = (
				1C3558F0187AED0A00D3661E /* NimbusPhotos */,
				1CD8AF4317DF419C00F7AF5A /* www */,
				1CD8AF1D17DF10DD00F7AF5A /* AppDelegate.h */,
				1CD8AF1E17DF10DD00F7AF5A /* AppDelegate.m */,
				1CD8AF1517DF10DD00F7AF5A /* Supporting Files */,
				1CD8AF4517E0D30F00F7AF5A /* CCircleButton.h */,
				1CD8AF4617E0D30F00F7AF5A /* CCircleButton.m */,
				1CD83F6C17EE250C005EE08D /* RootViewController.h */,
				1CF33C0B1882E6A900E5E9DE /* close@2x.png */,
				1CF33C0C1882E6AA00E5E9DE /* close.png */,
				1CD83F6D17EE250C005EE08D /* RootViewController.m */,
				1CD83F6F17EE450B005EE08D /* Stack.h */,
				1CD83F7017EE450B005EE08D /* Stack.m */,
				1C355902187AED9F00D3661E /* PhotoGalleryController.h */,
				1C355903187AED9F00D3661E /* PhotoGalleryController.m */,
				1C35595A187BFF3400D3661E /* NimbusPhotos.bundle */,
			);
			path = PokrovskySobor;
			sourceTree = "<group>";
		};
		1CD8AF1517DF10DD00F7AF5A /* Supporting Files */ = {
			isa = PBXGroup;
			children = (
				1CD8AF1617DF10DD00F7AF5A /* PokrovskySobor-Info.plist */,
				1CD8AF1717DF10DD00F7AF5A /* InfoPlist.strings */,
				1CD8AF1A17DF10DD00F7AF5A /* main.m */,
				1CD8AF1C17DF10DD00F7AF5A /* PokrovskySobor-Prefix.pch */,
				1CD8AF2017DF10DD00F7AF5A /* Default.png */,
				1CD8AF2217DF10DD00F7AF5A /* Default@2x.png */,
				1CD8AF2417DF10DD00F7AF5A /* Default-568h@2x.png */,
			);
			name = "Supporting Files";
			sourceTree = "<group>";
		};
		1CD8AF3217DF10DD00F7AF5A /* PokrovskySoborTests */ = {
			isa = PBXGroup;
			children = (
				1CD8AF3817DF10DE00F7AF5A /* PokrovskySoborTests.h */,
				1CD8AF3917DF10DE00F7AF5A /* PokrovskySoborTests.m */,
				1CD8AF3317DF10DD00F7AF5A /* Supporting Files */,
			);
			path = PokrovskySoborTests;
			sourceTree = "<group>";
		};
		1CD8AF3317DF10DD00F7AF5A /* Supporting Files */ = {
			isa = PBXGroup;
			children = (
				1CD8AF3417DF10DD00F7AF5A /* PokrovskySoborTests-Info.plist */,
				1CD8AF3517DF10DD00F7AF5A /* InfoPlist.strings */,
			);
			name = "Supporting Files";
			sourceTree = "<group>";
		};
/* End PBXGroup section */

/* Begin PBXNativeTarget section */
		1CD8AF0A17DF10DD00F7AF5A /* PokrovskySobor */ = {
			isa = PBXNativeTarget;
			buildConfigurationList = 1CD8AF3D17DF10DE00F7AF5A /* Build configuration list for PBXNativeTarget "PokrovskySobor" */;
			buildPhases = (
				1CD8AF0717DF10DD00F7AF5A /* Sources */,
				1CD8AF0817DF10DD00F7AF5A /* Frameworks */,
				1CD8AF0917DF10DD00F7AF5A /* Resources */,
			);
			buildRules = (
			);
			dependencies = (
			);
			name = PokrovskySobor;
			productName = PokrovskySobor;
			productReference = 1CD8AF0B17DF10DD00F7AF5A /* PokrovskySobor.app */;
			productType = "com.apple.product-type.application";
		};
		1CD8AF2A17DF10DD00F7AF5A /* PokrovskySoborTests */ = {
			isa = PBXNativeTarget;
			buildConfigurationList = 1CD8AF4017DF10DE00F7AF5A /* Build configuration list for PBXNativeTarget "PokrovskySoborTests" */;
			buildPhases = (
				1CD8AF2617DF10DD00F7AF5A /* Sources */,
				1CD8AF2717DF10DD00F7AF5A /* Frameworks */,
				1CD8AF2817DF10DD00F7AF5A /* Resources */,
				1CD8AF2917DF10DD00F7AF5A /* ShellScript */,
			);
			buildRules = (
			);
			dependencies = (
				1CD8AF3117DF10DD00F7AF5A /* PBXTargetDependency */,
			);
			name = PokrovskySoborTests;
			productName = PokrovskySoborTests;
			productReference = 1CD8AF2B17DF10DD00F7AF5A /* PokrovskySoborTests.octest */;
			productType = "com.apple.product-type.bundle";
		};
/* End PBXNativeTarget section */

/* Begin PBXProject section */
		1CD8AF0317DF10DD00F7AF5A /* Project object */ = {
			isa = PBXProject;
			attributes = {
				LastUpgradeCheck = 0460;
				ORGANIZATIONNAME = pbsputnik;
				TargetAttributes = {
					1CD8AF0A17DF10DD00F7AF5A = {
						DevelopmentTeam = VZJ26AAYCG;
					};
				};
			};
			buildConfigurationList = 1CD8AF0617DF10DD00F7AF5A /* Build configuration list for PBXProject "PokrovskySobor" */;
			compatibilityVersion = "Xcode 3.2";
			developmentRegion = English;
			hasScannedForEncodings = 0;
			knownRegions = (
				en,
			);
			mainGroup = 1CD8AF0217DF10DD00F7AF5A;
			productRefGroup = 1CD8AF0C17DF10DD00F7AF5A /* Products */;
			projectDirPath = "";
			projectRoot = "";
			targets = (
				1CD8AF0A17DF10DD00F7AF5A /* PokrovskySobor */,
				1CD8AF2A17DF10DD00F7AF5A /* PokrovskySoborTests */,
			);
		};
/* End PBXProject section */

/* Begin PBXResourcesBuildPhase section */
		1CD8AF0917DF10DD00F7AF5A /* Resources */ = {
			isa = PBXResourcesBuildPhase;
			buildActionMask = 2147483647;
			files = (
				1CD8AF1917DF10DD00F7AF5A /* InfoPlist.strings in Resources */,
				1CF33C0D1882E6AB00E5E9DE /* close@2x.png in Resources */,
				1CF33C0E1882E6AB00E5E9DE /* close.png in Resources */,
				1CD8AF2117DF10DD00F7AF5A /* Default.png in Resources */,
				1CD8AF2317DF10DD00F7AF5A /* Default@2x.png in Resources */,
				1CD8AF2517DF10DD00F7AF5A /* Default-568h@2x.png in Resources */,
				1C35595B187BFF3400D3661E /* NimbusPhotos.bundle in Resources */,
				1CD8AF4417DF419C00F7AF5A /* www in Resources */,
			);
			runOnlyForDeploymentPostprocessing = 0;
		};
		1CD8AF2817DF10DD00F7AF5A /* Resources */ = {
			isa = PBXResourcesBuildPhase;
			buildActionMask = 2147483647;
			files = (
				1CD8AF3717DF10DD00F7AF5A /* InfoPlist.strings in Resources */,
			);
			runOnlyForDeploymentPostprocessing = 0;
		};
/* End PBXResourcesBuildPhase section */

/* Begin PBXShellScriptBuildPhase section */
		1CD8AF2917DF10DD00F7AF5A /* ShellScript */ = {
			isa = PBXShellScriptBuildPhase;
			buildActionMask = 2147483647;
			files = (
			);
			inputPaths = (
			);
			outputPaths = (
			);
			runOnlyForDeploymentPostprocessing = 0;
			shellPath = /bin/sh;
			shellScript = "# Run the unit tests in this test bundle.\n\"${SYSTEM_DEVELOPER_DIR}/Tools/RunUnitTests\"\n";
		};
/* End PBXShellScriptBuildPhase section */

/* Begin PBXSourcesBuildPhase section */
		1CD8AF0717DF10DD00F7AF5A /* Sources */ = {
			isa = PBXSourcesBuildPhase;
			buildActionMask = 2147483647;
			files = (
				1C355947187B4BCF00D3661E /* NIDebuggingTools.m in Sources */,
				1C35590F187B4B4900D3661E /* NIPageView.m in Sources */,
				1C355958187B4BCF00D3661E /* NIViewRecycler.m in Sources */,
				1C355953187B4BCF00D3661E /* NIPaths.m in Sources */,
				1C35594E187B4BCF00D3661E /* NINavigationAppearance.m in Sources */,
				1C355944187B4BCF00D3661E /* NIButtonUtilities.m in Sources */,
				1C355955187B4BCF00D3661E /* NISDKAvailability.m in Sources */,
				1C355956187B4BCF00D3661E /* NISnapshotRotation.m in Sources */,
				1C355946187B4BCF00D3661E /* NIDataStructures.m in Sources */,
				1C355945187B4BCF00D3661E /* NICommonMetrics.m in Sources */,
				1C35594F187B4BCF00D3661E /* NINetworkActivity.m in Sources */,
				1C355901187AED0A00D3661E /* NIToolbarPhotoViewController.m in Sources */,
				1C35594B187B4BCF00D3661E /* NIImageUtilities.m in Sources */,
				1C35594A187B4BCF00D3661E /* NIFoundationMethods.m in Sources */,
				1C355949187B4BCF00D3661E /* NIError.m in Sources */,
				1C35594C187B4BCF00D3661E /* NIInMemoryCache.m in Sources */,
				1CD8AF1B17DF10DD00F7AF5A /* main.m in Sources */,
				1C355948187B4BCF00D3661E /* NIDeviceOrientation.m in Sources */,
				1CD8AF1F17DF10DD00F7AF5A /* AppDelegate.m in Sources */,
				1C35594D187B4BCF00D3661E /* NIInvocationMethods.m in Sources */,
				1C355952187B4BCF00D3661E /* NIOperations.m in Sources */,
				1C355954187B4BCF00D3661E /* NIRuntimeClassModifications.m in Sources */,
				1C355943187B4BCF00D3661E /* NIActions.m in Sources */,
				1CD83F6E17EE250C005EE08D /* RootViewController.m in Sources */,
				1CD83F7117EE450B005EE08D /* Stack.m in Sources */,
				1C355900187AED0A00D3661E /* NIPhotoScrubberView.m in Sources */,
				1CD8AF4717E0D30F00F7AF5A /* CCircleButton.m in Sources */,
				1C355957187B4BCF00D3661E /* NIState.m in Sources */,
				1C3558FE187AED0A00D3661E /* NIPhotoAlbumScrollView.m in Sources */,
				1C3558FF187AED0A00D3661E /* NIPhotoScrollView.m in Sources */,
				1C355910187B4B4900D3661E /* NIPagingScrollView.m in Sources */,
				1C355951187B4BCF00D3661E /* NINonRetainingCollections.m in Sources */,
				1C355959187B4BCF00D3661E /* NSString+NimbusCore.m in Sources */,
				1C355904187AED9F00D3661E /* PhotoGalleryController.m in Sources */,
				1C355950187B4BCF00D3661E /* NINonEmptyCollectionTesting.m in Sources */,
			);
			runOnlyForDeploymentPostprocessing = 0;
		};
		1CD8AF2617DF10DD00F7AF5A /* Sources */ = {
			isa = PBXSourcesBuildPhase;
			buildActionMask = 2147483647;
			files = (
				1CD8AF3A17DF10DE00F7AF5A /* PokrovskySoborTests.m in Sources */,
			);
			runOnlyForDeploymentPostprocessing = 0;
		};
/* End PBXSourcesBuildPhase section */

/* Begin PBXTargetDependency section */
		1CD8AF3117DF10DD00F7AF5A /* PBXTargetDependency */ = {
			isa = PBXTargetDependency;
			target = 1CD8AF0A17DF10DD00F7AF5A /* PokrovskySobor */;
			targetProxy = 1CD8AF3017DF10DD00F7AF5A /* PBXContainerItemProxy */;
		};
/* End PBXTargetDependency section */

/* Begin PBXVariantGroup section */
		1CD8AF1717DF10DD00F7AF5A /* InfoPlist.strings */ = {
			isa = PBXVariantGroup;
			children = (
				1CD8AF1817DF10DD00F7AF5A /* en */,
			);
			name = InfoPlist.strings;
			sourceTree = "<group>";
		};
		1CD8AF3517DF10DD00F7AF5A /* InfoPlist.strings */ = {
			isa = PBXVariantGroup;
			children = (
				1CD8AF3617DF10DD00F7AF5A /* en */,
			);
			name = InfoPlist.strings;
			sourceTree = "<group>";
		};
/* End PBXVariantGroup section */

/* Begin XCBuildConfiguration section */
		1CD8AF3B17DF10DE00F7AF5A /* Debug */ = {
			isa = XCBuildConfiguration;
			buildSettings = {
				ALWAYS_SEARCH_USER_PATHS = NO;
				CLANG_CXX_LANGUAGE_STANDARD = "gnu++0x";
				CLANG_CXX_LIBRARY = "libc++";
				CLANG_ENABLE_OBJC_ARC = YES;
				CLANG_WARN_CONSTANT_CONVERSION = YES;
				CLANG_WARN_EMPTY_BODY = YES;
				CLANG_WARN_ENUM_CONVERSION = YES;
				CLANG_WARN_INT_CONVERSION = YES;
				CLANG_WARN__DUPLICATE_METHOD_MATCH = YES;
				"CODE_SIGN_IDENTITY[sdk=iphoneos*]" = "iPhone Developer";
				COPY_PHASE_STRIP = NO;
				GCC_C_LANGUAGE_STANDARD = gnu99;
				GCC_DYNAMIC_NO_PIC = NO;
				GCC_OPTIMIZATION_LEVEL = 0;
				GCC_PREPROCESSOR_DEFINITIONS = (
					"DEBUG=1",
					"$(inherited)",
				);
				GCC_SYMBOLS_PRIVATE_EXTERN = NO;
				GCC_WARN_ABOUT_RETURN_TYPE = YES;
				GCC_WARN_UNINITIALIZED_AUTOS = YES;
				GCC_WARN_UNUSED_VARIABLE = YES;
				IPHONEOS_DEPLOYMENT_TARGET = 6.1;
				ONLY_ACTIVE_ARCH = YES;
				SDKROOT = iphoneos;
				TARGETED_DEVICE_FAMILY = 2;
			};
			name = Debug;
		};
		1CD8AF3C17DF10DE00F7AF5A /* Release */ = {
			isa = XCBuildConfiguration;
			buildSettings = {
				ALWAYS_SEARCH_USER_PATHS = NO;
				CLANG_CXX_LANGUAGE_STANDARD = "gnu++0x";
				CLANG_CXX_LIBRARY = "libc++";
				CLANG_ENABLE_OBJC_ARC = YES;
				CLANG_WARN_CONSTANT_CONVERSION = YES;
				CLANG_WARN_EMPTY_BODY = YES;
				CLANG_WARN_ENUM_CONVERSION = YES;
				CLANG_WARN_INT_CONVERSION = YES;
				CLANG_WARN__DUPLICATE_METHOD_MATCH = YES;
				"CODE_SIGN_IDENTITY[sdk=iphoneos*]" = "iPhone Developer";
				COPY_PHASE_STRIP = YES;
				GCC_C_LANGUAGE_STANDARD = gnu99;
				GCC_WARN_ABOUT_RETURN_TYPE = YES;
				GCC_WARN_UNINITIALIZED_AUTOS = YES;
				GCC_WARN_UNUSED_VARIABLE = YES;
				IPHONEOS_DEPLOYMENT_TARGET = 6.1;
				OTHER_CFLAGS = "-DNS_BLOCK_ASSERTIONS=1";
				SDKROOT = iphoneos;
				TARGETED_DEVICE_FAMILY = 2;
				VALIDATE_PRODUCT = YES;
			};
			name = Release;
		};
		1CD8AF3E17DF10DE00F7AF5A /* Debug */ = {
			isa = XCBuildConfiguration;
			buildSettings = {
				"CODE_SIGN_ENTITLEMENTS[sdk=*]" = "";
				CODE_SIGN_IDENTITY = "iPhone Developer: Sergey Umnov (8986C3Z3PQ)";
				"CODE_SIGN_IDENTITY[sdk=*]" = "iPhone Developer: Sergey Umnov (8986C3Z3PQ)";
				"CODE_SIGN_IDENTITY[sdk=iphoneos*]" = "iPhone Developer: Sergey Umnov (8986C3Z3PQ)";
				GCC_PRECOMPILE_PREFIX_HEADER = YES;
				GCC_PREFIX_HEADER = "PokrovskySobor/PokrovskySobor-Prefix.pch";
				INFOPLIST_FILE = "PokrovskySobor/PokrovskySobor-Info.plist";
				IPHONEOS_DEPLOYMENT_TARGET = 5.1;
				PRODUCT_NAME = "$(TARGET_NAME)";
				PROVISIONING_PROFILE = "5D34B464-3BDC-4B75-869A-143930117746";
				"PROVISIONING_PROFILE[sdk=*]" = "5D34B464-3BDC-4B75-869A-143930117746";
				TARGETED_DEVICE_FAMILY = 2;
				WRAPPER_EXTENSION = app;
			};
			name = Debug;
		};
		1CD8AF3F17DF10DE00F7AF5A /* Release */ = {
			isa = XCBuildConfiguration;
			buildSettings = {
				CODE_SIGN_IDENTITY = "iPhone Developer: Sergey Umnov (8986C3Z3PQ)";
				"CODE_SIGN_IDENTITY[sdk=iphoneos*]" = "iPhone Developer: Sergey Umnov (8986C3Z3PQ)";
				GCC_PRECOMPILE_PREFIX_HEADER = YES;
				GCC_PREFIX_HEADER = "PokrovskySobor/PokrovskySobor-Prefix.pch";
				INFOPLIST_FILE = "PokrovskySobor/PokrovskySobor-Info.plist";
				IPHONEOS_DEPLOYMENT_TARGET = 5.1;
				PRODUCT_NAME = "$(TARGET_NAME)";
				PROVISIONING_PROFILE = "5D34B464-3BDC-4B75-869A-143930117746";
				"PROVISIONING_PROFILE[sdk=iphoneos*]" = "5D34B464-3BDC-4B75-869A-143930117746";
				TARGETED_DEVICE_FAMILY = 2;
				WRAPPER_EXTENSION = app;
			};
			name = Release;
		};
		1CD8AF4117DF10DE00F7AF5A /* Debug */ = {
			isa = XCBuildConfiguration;
			buildSettings = {
				BUNDLE_LOADER = "$(BUILT_PRODUCTS_DIR)/PokrovskySobor.app/PokrovskySobor";
				FRAMEWORK_SEARCH_PATHS = (
					"\"$(SDKROOT)/Developer/Library/Frameworks\"",
					"\"$(DEVELOPER_LIBRARY_DIR)/Frameworks\"",
				);
				GCC_PRECOMPILE_PREFIX_HEADER = YES;
				GCC_PREFIX_HEADER = "PokrovskySobor/PokrovskySobor-Prefix.pch";
				INFOPLIST_FILE = "PokrovskySoborTests/PokrovskySoborTests-Info.plist";
				PRODUCT_NAME = "$(TARGET_NAME)";
				TEST_HOST = "$(BUNDLE_LOADER)";
				WRAPPER_EXTENSION = octest;
			};
			name = Debug;
		};
		1CD8AF4217DF10DE00F7AF5A /* Release */ = {
			isa = XCBuildConfiguration;
			buildSettings = {
				BUNDLE_LOADER = "$(BUILT_PRODUCTS_DIR)/PokrovskySobor.app/PokrovskySobor";
				FRAMEWORK_SEARCH_PATHS = (
					"\"$(SDKROOT)/Developer/Library/Frameworks\"",
					"\"$(DEVELOPER_LIBRARY_DIR)/Frameworks\"",
				);
				GCC_PRECOMPILE_PREFIX_HEADER = YES;
				GCC_PREFIX_HEADER = "PokrovskySobor/PokrovskySobor-Prefix.pch";
				INFOPLIST_FILE = "PokrovskySoborTests/PokrovskySoborTests-Info.plist";
				PRODUCT_NAME = "$(TARGET_NAME)";
				TEST_HOST = "$(BUNDLE_LOADER)";
				WRAPPER_EXTENSION = octest;
			};
			name = Release;
		};
/* End XCBuildConfiguration section */

/* Begin XCConfigurationList section */
		1CD8AF0617DF10DD00F7AF5A /* Build configuration list for PBXProject "PokrovskySobor" */ = {
			isa = XCConfigurationList;
			buildConfigurations = (
				1CD8AF3B17DF10DE00F7AF5A /* Debug */,
				1CD8AF3C17DF10DE00F7AF5A /* Release */,
			);
			defaultConfigurationIsVisible = 0;
			defaultConfigurationName = Release;
		};
		1CD8AF3D17DF10DE00F7AF5A /* Build configuration list for PBXNativeTarget "PokrovskySobor" */ = {
			isa = XCConfigurationList;
			buildConfigurations = (
				1CD8AF3E17DF10DE00F7AF5A /* Debug */,
				1CD8AF3F17DF10DE00F7AF5A /* Release */,
			);
			defaultConfigurationIsVisible = 0;
			defaultConfigurationName = Release;
		};
		1CD8AF4017DF10DE00F7AF5A /* Build configuration list for PBXNativeTarget "PokrovskySoborTests" */ = {
			isa = XCConfigurationList;
			buildConfigurations = (
				1CD8AF4117DF10DE00F7AF5A /* Debug */,
				1CD8AF4217DF10DE00F7AF5A /* Release */,
			);
			defaultConfigurationIsVisible = 0;
			defaultConfigurationName = Release;
		};
/* End XCConfigurationList section */
	};
	rootObject = 1CD8AF0317DF10DD00F7AF5A /* Project object */;
}
